
Microsoft Visual Studio Solution File, Format Version 12.00
Project("{FAE04EC0-301F-11D3-BF4B-00C04F79EFBC}") = "Language", "Language\Language.csproj", "{452D57BF-75AD-4061-944D-119D2756EC0A}"
EndProject
Global
	GlobalSection(SolutionConfigurationPlatforms) = preSolution
		Debug|Any CPU = Debug|Any CPU
		Release|Any CPU = Release|Any CPU
	EndGlobalSection
	GlobalSection(ProjectConfigurationPlatforms) = postSolution
		{452D57BF-75AD-4061-944D-119D2756EC0A}.Debug|Any CPU.ActiveCfg = Debug|Any CPU
		{452D57BF-75AD-4061-944D-119D2756EC0A}.Debug|Any CPU.Build.0 = Debug|Any CPU
		{452D57BF-75AD-4061-944D-119D2756EC0A}.Release|Any CPU.ActiveCfg = Release|Any CPU
		{452D57BF-75AD-4061-944D-119D2756EC0A}.Release|Any CPU.Build.0 = Release|Any CPU
	EndGlobalSection
EndGlobal
